
Microsoft Visual Studio Solution File, Format Version 12.00
# Visual Studio 14
VisualStudioVersion = 14.0.23107.0
MinimumVisualStudioVersion = 10.0.40219.1
Project("{FAE04EC0-301F-11D3-BF4B-00C04F79EFBC}") = "Minyar", "Minyar\Minyar.csproj", "{6F9A8CDB-2ACB-4F4B-BA26-DACBC54C69AC}"
EndProject
Project("{FAE04EC0-301F-11D3-BF4B-00C04F79EFBC}") = "Minyar.Tests", "Minyar.Tests\Minyar.Tests.csproj", "{DD46865E-2165-4BF1-B331-36B9A6B3F47F}"
EndProject
Project("{2150E333-8FDC-42A3-9474-1A3956D46DE8}") = ".nuget", ".nuget", "{0403687F-1738-44AA-9C85-845CA0954790}"
	ProjectSection(SolutionItems) = preProject
		.nuget\NuGet.Config = .nuget\NuGet.Config
		.nuget\NuGet.exe = .nuget\NuGet.exe
		.nuget\NuGet.targets = .nuget\NuGet.targets
	EndProjectSection
EndProject
Project("{FAE04EC0-301F-11D3-BF4B-00C04F79EFBC}") = "FP", "library\fp\FP\FP.csproj", "{0FD86AB4-576C-42D6-8012-EFD82CC470A7}"
EndProject
Project("{FAE04EC0-301F-11D3-BF4B-00C04F79EFBC}") = "MinyarClient", "MinyarClient\MinyarClient.csproj", "{DD8E6A19-162C-4F78-B5DE-A62ECBE8C523}"
EndProject
Global
	GlobalSection(SolutionConfigurationPlatforms) = preSolution
		Debug|Any CPU = Debug|Any CPU
		Debug|x64 = Debug|x64
		Debug|x86 = Debug|x86
		Release|Any CPU = Release|Any CPU
		Release|x64 = Release|x64
		Release|x86 = Release|x86
	EndGlobalSection
	GlobalSection(ProjectConfigurationPlatforms) = postSolution
		{6F9A8CDB-2ACB-4F4B-BA26-DACBC54C69AC}.Debug|Any CPU.ActiveCfg = Debug|Any CPU
		{6F9A8CDB-2ACB-4F4B-BA26-DACBC54C69AC}.Debug|Any CPU.Build.0 = Debug|Any CPU
		{6F9A8CDB-2ACB-4F4B-BA26-DACBC54C69AC}.Debug|x64.ActiveCfg = Debug|x64
		{6F9A8CDB-2ACB-4F4B-BA26-DACBC54C69AC}.Debug|x64.Build.0 = Debug|x64
		{6F9A8CDB-2ACB-4F4B-BA26-DACBC54C69AC}.Debug|x86.ActiveCfg = Debug|Any CPU
		{6F9A8CDB-2ACB-4F4B-BA26-DACBC54C69AC}.Debug|x86.Build.0 = Debug|Any CPU
		{6F9A8CDB-2ACB-4F4B-BA26-DACBC54C69AC}.Release|Any CPU.ActiveCfg = Release|Any CPU
		{6F9A8CDB-2ACB-4F4B-BA26-DACBC54C69AC}.Release|Any CPU.Build.0 = Release|Any CPU
		{6F9A8CDB-2ACB-4F4B-BA26-DACBC54C69AC}.Release|x64.ActiveCfg = Release|Any CPU
		{6F9A8CDB-2ACB-4F4B-BA26-DACBC54C69AC}.Release|x64.Build.0 = Release|Any CPU
		{6F9A8CDB-2ACB-4F4B-BA26-DACBC54C69AC}.Release|x86.ActiveCfg = Release|Any CPU
		{6F9A8CDB-2ACB-4F4B-BA26-DACBC54C69AC}.Release|x86.Build.0 = Release|Any CPU
		{DD46865E-2165-4BF1-B331-36B9A6B3F47F}.Debug|Any CPU.ActiveCfg = Debug|Any CPU
		{DD46865E-2165-4BF1-B331-36B9A6B3F47F}.Debug|Any CPU.Build.0 = Debug|Any CPU
		{DD46865E-2165-4BF1-B331-36B9A6B3F47F}.Debug|x64.ActiveCfg = Debug|Any CPU
		{DD46865E-2165-4BF1-B331-36B9A6B3F47F}.Debug|x64.Build.0 = Debug|Any CPU
		{DD46865E-2165-4BF1-B331-36B9A6B3F47F}.Debug|x86.ActiveCfg = Debug|Any CPU
		{DD46865E-2165-4BF1-B331-36B9A6B3F47F}.Debug|x86.Build.0 = Debug|Any CPU
		{DD46865E-2165-4BF1-B331-36B9A6B3F47F}.Release|Any CPU.ActiveCfg = Release|Any CPU
		{DD46865E-2165-4BF1-B331-36B9A6B3F47F}.Release|Any CPU.Build.0 = Release|Any CPU
		{DD46865E-2165-4BF1-B331-36B9A6B3F47F}.Release|x64.ActiveCfg = Release|Any CPU
		{DD46865E-2165-4BF1-B331-36B9A6B3F47F}.Release|x64.Build.0 = Release|Any CPU
		{DD46865E-2165-4BF1-B331-36B9A6B3F47F}.Release|x86.ActiveCfg = Release|Any CPU
		{DD46865E-2165-4BF1-B331-36B9A6B3F47F}.Release|x86.Build.0 = Release|Any CPU
		{0FD86AB4-576C-42D6-8012-EFD82CC470A7}.Debug|Any CPU.ActiveCfg = Debug|x86
		{0FD86AB4-576C-42D6-8012-EFD82CC470A7}.Debug|Any CPU.Build.0 = Debug|x86
		{0FD86AB4-576C-42D6-8012-EFD82CC470A7}.Debug|x64.ActiveCfg = Debug|x86
		{0FD86AB4-576C-42D6-8012-EFD82CC470A7}.Debug|x86.ActiveCfg = Debug|x86
		{0FD86AB4-576C-42D6-8012-EFD82CC470A7}.Debug|x86.Build.0 = Debug|x86
		{0FD86AB4-576C-42D6-8012-EFD82CC470A7}.Release|Any CPU.ActiveCfg = Release|x86
		{0FD86AB4-576C-42D6-8012-EFD82CC470A7}.Release|Any CPU.Build.0 = Release|x86
		{0FD86AB4-576C-42D6-8012-EFD82CC470A7}.Release|x64.ActiveCfg = Release|x86
		{0FD86AB4-576C-42D6-8012-EFD82CC470A7}.Release|x86.ActiveCfg = Release|x86
		{0FD86AB4-576C-42D6-8012-EFD82CC470A7}.Release|x86.Build.0 = Release|x86
		{DD8E6A19-162C-4F78-B5DE-A62ECBE8C523}.Debug|Any CPU.ActiveCfg = Debug|Any CPU
		{DD8E6A19-162C-4F78-B5DE-A62ECBE8C523}.Debug|Any CPU.Build.0 = Debug|Any CPU
		{DD8E6A19-162C-4F78-B5DE-A62ECBE8C523}.Debug|x64.ActiveCfg = Debug|Any CPU
		{DD8E6A19-162C-4F78-B5DE-A62ECBE8C523}.Debug|x64.Build.0 = Debug|Any CPU
		{DD8E6A19-162C-4F78-B5DE-A62ECBE8C523}.Debug|x86.ActiveCfg = Debug|x64
		{DD8E6A19-162C-4F78-B5DE-A62ECBE8C523}.Debug|x86.Build.0 = Debug|x64
		{DD8E6A19-162C-4F78-B5DE-A62ECBE8C523}.Release|Any CPU.ActiveCfg = Release|Any CPU
		{DD8E6A19-162C-4F78-B5DE-A62ECBE8C523}.Release|Any CPU.Build.0 = Release|Any CPU
		{DD8E6A19-162C-4F78-B5DE-A62ECBE8C523}.Release|x64.ActiveCfg = Release|x64
		{DD8E6A19-162C-4F78-B5DE-A62ECBE8C523}.Release|x64.Build.0 = Release|x64
		{DD8E6A19-162C-4F78-B5DE-A62ECBE8C523}.Release|x86.ActiveCfg = Release|Any CPU
		{DD8E6A19-162C-4F78-B5DE-A62ECBE8C523}.Release|x86.Build.0 = Release|Any CPU
	EndGlobalSection
	GlobalSection(SolutionProperties) = preSolution
		HideSolutionNode = FALSE
	EndGlobalSection
EndGlobal
